
Microsoft Visual Studio Solution File, Format Version 12.00
# Visual Studio Version 17
VisualStudioVersion = 17.8.34511.84
MinimumVisualStudioVersion = 10.0.40219.1
Project("{8BC9CEB8-8B4A-11D0-8D11-00A0C91BC942}") = "simple_openmp", "simple_openmp\simple_openmp.vcxproj", "{7F594512-0AAA-4239-9A56-FDF167BAE81A}"
EndProject
Project("{8BC9CEB8-8B4A-11D0-8D11-00A0C91BC942}") = "helloworld_openmp", "helloworld_openmp\helloworld_openmp.vcxproj", "{95982E72-0BBD-41A5-B537-2A98AA895281}"
EndProject
Project("{8BC9CEB8-8B4A-11D0-8D11-00A0C91BC942}") = "mpi-sample", "mpi-sample\mpi-sample.vcxproj", "{53930420-29C7-44D6-B5B2-36976E411A96}"
EndProject
Project("{8BC9CEB8-8B4A-11D0-8D11-00A0C91BC942}") = "floyd_algorithm", "floyd_algorithm\floyd_algorithm.vcxproj", "{29CC0469-24AE-4D6A-9222-9AC787C8996D}"
EndProject
Project("{8BC9CEB8-8B4A-11D0-8D11-00A0C91BC942}") = "matrix_vector_multiplication", "matrix_vector_mulplication\matrix_vector_mulplication.vcxproj", "{B094593E-4405-484F-961C-C26C4074122B}"
EndProject
Project("{8BC9CEB8-8B4A-11D0-8D11-00A0C91BC942}") = "the_sieve_of_eratosthenes", "the_sieve_of_eratosthenes\the_sieve_of_eratosthenes.vcxproj", "{51411392-38E3-4171-A150-BCA3228D62B4}"
EndProject
Project("{8BC9CEB8-8B4A-11D0-8D11-00A0C91BC942}") = "circuit_satisfiable", "circuit_satisfiable\circuit_satisfiable.vcxproj", "{67725064-34BB-420A-A9AF-334E057461A7}"
EndProject
Project("{8BC9CEB8-8B4A-11D0-8D11-00A0C91BC942}") = "simpsons_rule", "simpsons_rule\simpsons_rule.vcxproj", "{1B3FDB15-D36F-4A54-A3BA-7A7B2565CDFE}"
EndProject
Project("{8BC9CEB8-8B4A-11D0-8D11-00A0C91BC942}") = "rectangle_rule", "rectangle_rule\rectangle_rule.vcxproj", "{9505456D-7D69-4B40-BC06-B2302FCE21C1}"
EndProject
Project("{8BC9CEB8-8B4A-11D0-8D11-00A0C91BC942}") = "three-sum", "three-sum\three-sum.vcxproj", "{349B335C-7E37-417A-8025-A0C98393074C}"
EndProject
Project("{8BC9CEB8-8B4A-11D0-8D11-00A0C91BC942}") = "c_cpp_examples", "c_cpp_examples\c_cpp_examples.vcxproj", "{BCE3C3AC-125D-4C51-8DDC-D61B15BA0CE0}"
EndProject
Project("{8BC9CEB8-8B4A-11D0-8D11-00A0C91BC942}") = "circuit_satisfiable_3", "circuit_satisfiable_3\circuit_satisfiable_3.vcxproj", "{9F4BFFE3-4095-4947-B7E8-3866C9A43FB6}"
EndProject
Project("{8BC9CEB8-8B4A-11D0-8D11-00A0C91BC942}") = "cuda_tensor", "cuda_tensor\cuda_tensor.vcxproj", "{B247FB59-9DEC-4316-951B-CA231EC35F18}"
EndProject
Project("{8BC9CEB8-8B4A-11D0-8D11-00A0C91BC942}") = "thrust_example", "thrust_example\thrust_example.vcxproj", "{6935A546-3CE9-49C1-9D31-3F01504C4D11}"
EndProject
Project("{8BC9CEB8-8B4A-11D0-8D11-00A0C91BC942}") = "thrust_vectors_add", "thrust_vectors_add\thrust_vectors_add.vcxproj", "{7CECE619-7E64-4B7F-B24B-0A34979CC2FB}"
EndProject
Project("{8BC9CEB8-8B4A-11D0-8D11-00A0C91BC942}") = "thrust_nbody", "thrust_nbody\thrust_nbody.vcxproj", "{945A79F0-A052-4849-BA74-60F5DDA589C2}"
EndProject
Project("{8BC9CEB8-8B4A-11D0-8D11-00A0C91BC942}") = "cuda_nbody", "cuda_nbody\cuda_nbody.vcxproj", "{0C476F69-B8AA-414F-A352-65BB041AE78A}"
EndProject
Project("{8BC9CEB8-8B4A-11D0-8D11-00A0C91BC942}") = "mpi_nbody", "mpi_nbody\mpi_nbody.vcxproj", "{034F4CB1-25DA-44BA-AB40-E30E37123F81}"
EndProject
Project("{8BC9CEB8-8B4A-11D0-8D11-00A0C91BC942}") = "openmp_nbody", "openmp_nbody\openmp_nbody.vcxproj", "{1C0CE5C7-EEE3-4FF3-8A51-A4BFE9028058}"
EndProject
Project("{8BC9CEB8-8B4A-11D0-8D11-00A0C91BC942}") = "cpp_nbody", "cpp_nbody\cpp_nbody.vcxproj", "{0A7F9A50-C40C-4B16-9BBF-2E83D6F4266F}"
EndProject
Global
	GlobalSection(SolutionConfigurationPlatforms) = preSolution
		Debug|x64 = Debug|x64
		Debug|x86 = Debug|x86
		Release|x64 = Release|x64
		Release|x86 = Release|x86
	EndGlobalSection
	GlobalSection(ProjectConfigurationPlatforms) = postSolution
		{7F594512-0AAA-4239-9A56-FDF167BAE81A}.Debug|x64.ActiveCfg = Debug|x64
		{7F594512-0AAA-4239-9A56-FDF167BAE81A}.Debug|x64.Build.0 = Debug|x64
		{7F594512-0AAA-4239-9A56-FDF167BAE81A}.Debug|x86.ActiveCfg = Debug|Win32
		{7F594512-0AAA-4239-9A56-FDF167BAE81A}.Debug|x86.Build.0 = Debug|Win32
		{7F594512-0AAA-4239-9A56-FDF167BAE81A}.Release|x64.ActiveCfg = Release|x64
		{7F594512-0AAA-4239-9A56-FDF167BAE81A}.Release|x64.Build.0 = Release|x64
		{7F594512-0AAA-4239-9A56-FDF167BAE81A}.Release|x86.ActiveCfg = Release|Win32
		{7F594512-0AAA-4239-9A56-FDF167BAE81A}.Release|x86.Build.0 = Release|Win32
		{95982E72-0BBD-41A5-B537-2A98AA895281}.Debug|x64.ActiveCfg = Debug|x64
		{95982E72-0BBD-41A5-B537-2A98AA895281}.Debug|x64.Build.0 = Debug|x64
		{95982E72-0BBD-41A5-B537-2A98AA895281}.Debug|x86.ActiveCfg = Debug|Win32
		{95982E72-0BBD-41A5-B537-2A98AA895281}.Debug|x86.Build.0 = Debug|Win32
		{95982E72-0BBD-41A5-B537-2A98AA895281}.Release|x64.ActiveCfg = Release|x64
		{95982E72-0BBD-41A5-B537-2A98AA895281}.Release|x64.Build.0 = Release|x64
		{95982E72-0BBD-41A5-B537-2A98AA895281}.Release|x86.ActiveCfg = Release|Win32
		{95982E72-0BBD-41A5-B537-2A98AA895281}.Release|x86.Build.0 = Release|Win32
		{53930420-29C7-44D6-B5B2-36976E411A96}.Debug|x64.ActiveCfg = Debug|x64
		{53930420-29C7-44D6-B5B2-36976E411A96}.Debug|x64.Build.0 = Debug|x64
		{53930420-29C7-44D6-B5B2-36976E411A96}.Debug|x86.ActiveCfg = Debug|Win32
		{53930420-29C7-44D6-B5B2-36976E411A96}.Debug|x86.Build.0 = Debug|Win32
		{53930420-29C7-44D6-B5B2-36976E411A96}.Release|x64.ActiveCfg = Release|x64
		{53930420-29C7-44D6-B5B2-36976E411A96}.Release|x64.Build.0 = Release|x64
		{53930420-29C7-44D6-B5B2-36976E411A96}.Release|x86.ActiveCfg = Release|Win32
		{53930420-29C7-44D6-B5B2-36976E411A96}.Release|x86.Build.0 = Release|Win32
		{29CC0469-24AE-4D6A-9222-9AC787C8996D}.Debug|x64.ActiveCfg = Debug|x64
		{29CC0469-24AE-4D6A-9222-9AC787C8996D}.Debug|x64.Build.0 = Debug|x64
		{29CC0469-24AE-4D6A-9222-9AC787C8996D}.Debug|x86.ActiveCfg = Debug|Win32
		{29CC0469-24AE-4D6A-9222-9AC787C8996D}.Debug|x86.Build.0 = Debug|Win32
		{29CC0469-24AE-4D6A-9222-9AC787C8996D}.Release|x64.ActiveCfg = Release|x64
		{29CC0469-24AE-4D6A-9222-9AC787C8996D}.Release|x64.Build.0 = Release|x64
		{29CC0469-24AE-4D6A-9222-9AC787C8996D}.Release|x86.ActiveCfg = Release|Win32
		{29CC0469-24AE-4D6A-9222-9AC787C8996D}.Release|x86.Build.0 = Release|Win32
		{B094593E-4405-484F-961C-C26C4074122B}.Debug|x64.ActiveCfg = Debug|x64
		{B094593E-4405-484F-961C-C26C4074122B}.Debug|x64.Build.0 = Debug|x64
		{B094593E-4405-484F-961C-C26C4074122B}.Debug|x86.ActiveCfg = Debug|Win32
		{B094593E-4405-484F-961C-C26C4074122B}.Debug|x86.Build.0 = Debug|Win32
		{B094593E-4405-484F-961C-C26C4074122B}.Release|x64.ActiveCfg = Release|x64
		{B094593E-4405-484F-961C-C26C4074122B}.Release|x64.Build.0 = Release|x64
		{B094593E-4405-484F-961C-C26C4074122B}.Release|x86.ActiveCfg = Release|Win32
		{B094593E-4405-484F-961C-C26C4074122B}.Release|x86.Build.0 = Release|Win32
		{51411392-38E3-4171-A150-BCA3228D62B4}.Debug|x64.ActiveCfg = Debug|x64
		{51411392-38E3-4171-A150-BCA3228D62B4}.Debug|x64.Build.0 = Debug|x64
		{51411392-38E3-4171-A150-BCA3228D62B4}.Debug|x86.ActiveCfg = Debug|Win32
		{51411392-38E3-4171-A150-BCA3228D62B4}.Debug|x86.Build.0 = Debug|Win32
		{51411392-38E3-4171-A150-BCA3228D62B4}.Release|x64.ActiveCfg = Release|x64
		{51411392-38E3-4171-A150-BCA3228D62B4}.Release|x64.Build.0 = Release|x64
		{51411392-38E3-4171-A150-BCA3228D62B4}.Release|x86.ActiveCfg = Release|Win32
		{51411392-38E3-4171-A150-BCA3228D62B4}.Release|x86.Build.0 = Release|Win32
		{67725064-34BB-420A-A9AF-334E057461A7}.Debug|x64.ActiveCfg = Debug|x64
		{67725064-34BB-420A-A9AF-334E057461A7}.Debug|x64.Build.0 = Debug|x64
		{67725064-34BB-420A-A9AF-334E057461A7}.Debug|x86.ActiveCfg = Debug|Win32
		{67725064-34BB-420A-A9AF-334E057461A7}.Debug|x86.Build.0 = Debug|Win32
		{67725064-34BB-420A-A9AF-334E057461A7}.Release|x64.ActiveCfg = Release|x64
		{67725064-34BB-420A-A9AF-334E057461A7}.Release|x64.Build.0 = Release|x64
		{67725064-34BB-420A-A9AF-334E057461A7}.Release|x86.ActiveCfg = Release|Win32
		{67725064-34BB-420A-A9AF-334E057461A7}.Release|x86.Build.0 = Release|Win32
		{1B3FDB15-D36F-4A54-A3BA-7A7B2565CDFE}.Debug|x64.ActiveCfg = Debug|x64
		{1B3FDB15-D36F-4A54-A3BA-7A7B2565CDFE}.Debug|x64.Build.0 = Debug|x64
		{1B3FDB15-D36F-4A54-A3BA-7A7B2565CDFE}.Debug|x86.ActiveCfg = Debug|Win32
		{1B3FDB15-D36F-4A54-A3BA-7A7B2565CDFE}.Debug|x86.Build.0 = Debug|Win32
		{1B3FDB15-D36F-4A54-A3BA-7A7B2565CDFE}.Release|x64.ActiveCfg = Release|x64
		{1B3FDB15-D36F-4A54-A3BA-7A7B2565CDFE}.Release|x64.Build.0 = Release|x64
		{1B3FDB15-D36F-4A54-A3BA-7A7B2565CDFE}.Release|x86.ActiveCfg = Release|Win32
		{1B3FDB15-D36F-4A54-A3BA-7A7B2565CDFE}.Release|x86.Build.0 = Release|Win32
		{9505456D-7D69-4B40-BC06-B2302FCE21C1}.Debug|x64.ActiveCfg = Debug|x64
		{9505456D-7D69-4B40-BC06-B2302FCE21C1}.Debug|x64.Build.0 = Debug|x64
		{9505456D-7D69-4B40-BC06-B2302FCE21C1}.Debug|x86.ActiveCfg = Debug|Win32
		{9505456D-7D69-4B40-BC06-B2302FCE21C1}.Debug|x86.Build.0 = Debug|Win32
		{9505456D-7D69-4B40-BC06-B2302FCE21C1}.Release|x64.ActiveCfg = Release|x64
		{9505456D-7D69-4B40-BC06-B2302FCE21C1}.Release|x64.Build.0 = Release|x64
		{9505456D-7D69-4B40-BC06-B2302FCE21C1}.Release|x86.ActiveCfg = Release|Win32
		{9505456D-7D69-4B40-BC06-B2302FCE21C1}.Release|x86.Build.0 = Release|Win32
		{349B335C-7E37-417A-8025-A0C98393074C}.Debug|x64.ActiveCfg = Debug|x64
		{349B335C-7E37-417A-8025-A0C98393074C}.Debug|x64.Build.0 = Debug|x64
		{349B335C-7E37-417A-8025-A0C98393074C}.Debug|x86.ActiveCfg = Debug|Win32
		{349B335C-7E37-417A-8025-A0C98393074C}.Debug|x86.Build.0 = Debug|Win32
		{349B335C-7E37-417A-8025-A0C98393074C}.Release|x64.ActiveCfg = Release|x64
		{349B335C-7E37-417A-8025-A0C98393074C}.Release|x64.Build.0 = Release|x64
		{349B335C-7E37-417A-8025-A0C98393074C}.Release|x86.ActiveCfg = Release|Win32
		{349B335C-7E37-417A-8025-A0C98393074C}.Release|x86.Build.0 = Release|Win32
		{BCE3C3AC-125D-4C51-8DDC-D61B15BA0CE0}.Debug|x64.ActiveCfg = Debug|x64
		{BCE3C3AC-125D-4C51-8DDC-D61B15BA0CE0}.Debug|x64.Build.0 = Debug|x64
		{BCE3C3AC-125D-4C51-8DDC-D61B15BA0CE0}.Debug|x86.ActiveCfg = Debug|Win32
		{BCE3C3AC-125D-4C51-8DDC-D61B15BA0CE0}.Debug|x86.Build.0 = Debug|Win32
		{BCE3C3AC-125D-4C51-8DDC-D61B15BA0CE0}.Release|x64.ActiveCfg = Release|x64
		{BCE3C3AC-125D-4C51-8DDC-D61B15BA0CE0}.Release|x64.Build.0 = Release|x64
		{BCE3C3AC-125D-4C51-8DDC-D61B15BA0CE0}.Release|x86.ActiveCfg = Release|Win32
		{BCE3C3AC-125D-4C51-8DDC-D61B15BA0CE0}.Release|x86.Build.0 = Release|Win32
		{9F4BFFE3-4095-4947-B7E8-3866C9A43FB6}.Debug|x64.ActiveCfg = Debug|x64
		{9F4BFFE3-4095-4947-B7E8-3866C9A43FB6}.Debug|x64.Build.0 = Debug|x64
		{9F4BFFE3-4095-4947-B7E8-3866C9A43FB6}.Debug|x86.ActiveCfg = Debug|x64
		{9F4BFFE3-4095-4947-B7E8-3866C9A43FB6}.Debug|x86.Build.0 = Debug|x64
		{9F4BFFE3-4095-4947-B7E8-3866C9A43FB6}.Release|x64.ActiveCfg = Release|x64
		{9F4BFFE3-4095-4947-B7E8-3866C9A43FB6}.Release|x64.Build.0 = Release|x64
		{9F4BFFE3-4095-4947-B7E8-3866C9A43FB6}.Release|x86.ActiveCfg = Release|x64
		{9F4BFFE3-4095-4947-B7E8-3866C9A43FB6}.Release|x86.Build.0 = Release|x64
		{B247FB59-9DEC-4316-951B-CA231EC35F18}.Debug|x64.ActiveCfg = Debug|x64
		{B247FB59-9DEC-4316-951B-CA231EC35F18}.Debug|x64.Build.0 = Debug|x64
		{B247FB59-9DEC-4316-951B-CA231EC35F18}.Debug|x86.ActiveCfg = Debug|x64
		{B247FB59-9DEC-4316-951B-CA231EC35F18}.Debug|x86.Build.0 = Debug|x64
		{B247FB59-9DEC-4316-951B-CA231EC35F18}.Release|x64.ActiveCfg = Release|x64
		{B247FB59-9DEC-4316-951B-CA231EC35F18}.Release|x64.Build.0 = Release|x64
		{B247FB59-9DEC-4316-951B-CA231EC35F18}.Release|x86.ActiveCfg = Release|x64
		{B247FB59-9DEC-4316-951B-CA231EC35F18}.Release|x86.Build.0 = Release|x64
		{6935A546-3CE9-49C1-9D31-3F01504C4D11}.Debug|x64.ActiveCfg = Debug|x64
		{6935A546-3CE9-49C1-9D31-3F01504C4D11}.Debug|x64.Build.0 = Debug|x64
		{6935A546-3CE9-49C1-9D31-3F01504C4D11}.Debug|x86.ActiveCfg = Debug|x64
		{6935A546-3CE9-49C1-9D31-3F01504C4D11}.Debug|x86.Build.0 = Debug|x64
		{6935A546-3CE9-49C1-9D31-3F01504C4D11}.Release|x64.ActiveCfg = Release|x64
		{6935A546-3CE9-49C1-9D31-3F01504C4D11}.Release|x64.Build.0 = Release|x64
		{6935A546-3CE9-49C1-9D31-3F01504C4D11}.Release|x86.ActiveCfg = Release|x64
		{6935A546-3CE9-49C1-9D31-3F01504C4D11}.Release|x86.Build.0 = Release|x64
		{7CECE619-7E64-4B7F-B24B-0A34979CC2FB}.Debug|x64.ActiveCfg = Debug|x64
		{7CECE619-7E64-4B7F-B24B-0A34979CC2FB}.Debug|x64.Build.0 = Debug|x64
		{7CECE619-7E64-4B7F-B24B-0A34979CC2FB}.Debug|x86.ActiveCfg = Debug|x64
		{7CECE619-7E64-4B7F-B24B-0A34979CC2FB}.Debug|x86.Build.0 = Debug|x64
		{7CECE619-7E64-4B7F-B24B-0A34979CC2FB}.Release|x64.ActiveCfg = Release|x64
		{7CECE619-7E64-4B7F-B24B-0A34979CC2FB}.Release|x64.Build.0 = Release|x64
		{7CECE619-7E64-4B7F-B24B-0A34979CC2FB}.Release|x86.ActiveCfg = Release|x64
		{7CECE619-7E64-4B7F-B24B-0A34979CC2FB}.Release|x86.Build.0 = Release|x64
		{945A79F0-A052-4849-BA74-60F5DDA589C2}.Debug|x64.ActiveCfg = Debug|x64
		{945A79F0-A052-4849-BA74-60F5DDA589C2}.Debug|x64.Build.0 = Debug|x64
		{945A79F0-A052-4849-BA74-60F5DDA589C2}.Debug|x86.ActiveCfg = Debug|x64
		{945A79F0-A052-4849-BA74-60F5DDA589C2}.Debug|x86.Build.0 = Debug|x64
		{945A79F0-A052-4849-BA74-60F5DDA589C2}.Release|x64.ActiveCfg = Release|x64
		{945A79F0-A052-4849-BA74-60F5DDA589C2}.Release|x64.Build.0 = Release|x64
		{945A79F0-A052-4849-BA74-60F5DDA589C2}.Release|x86.ActiveCfg = Release|x64
		{945A79F0-A052-4849-BA74-60F5DDA589C2}.Release|x86.Build.0 = Release|x64
		{0C476F69-B8AA-414F-A352-65BB041AE78A}.Debug|x64.ActiveCfg = Debug|x64
		{0C476F69-B8AA-414F-A352-65BB041AE78A}.Debug|x64.Build.0 = Debug|x64
		{0C476F69-B8AA-414F-A352-65BB041AE78A}.Debug|x86.ActiveCfg = Debug|x64
		{0C476F69-B8AA-414F-A352-65BB041AE78A}.Debug|x86.Build.0 = Debug|x64
		{0C476F69-B8AA-414F-A352-65BB041AE78A}.Release|x64.ActiveCfg = Release|x64
		{0C476F69-B8AA-414F-A352-65BB041AE78A}.Release|x64.Build.0 = Release|x64
		{0C476F69-B8AA-414F-A352-65BB041AE78A}.Release|x86.ActiveCfg = Release|x64
		{0C476F69-B8AA-414F-A352-65BB041AE78A}.Release|x86.Build.0 = Release|x64
		{034F4CB1-25DA-44BA-AB40-E30E37123F81}.Debug|x64.ActiveCfg = Debug|x64
		{034F4CB1-25DA-44BA-AB40-E30E37123F81}.Debug|x64.Build.0 = Debug|x64
		{034F4CB1-25DA-44BA-AB40-E30E37123F81}.Debug|x86.ActiveCfg = Debug|Win32
		{034F4CB1-25DA-44BA-AB40-E30E37123F81}.Debug|x86.Build.0 = Debug|Win32
		{034F4CB1-25DA-44BA-AB40-E30E37123F81}.Release|x64.ActiveCfg = Release|x64
		{034F4CB1-25DA-44BA-AB40-E30E37123F81}.Release|x64.Build.0 = Release|x64
		{034F4CB1-25DA-44BA-AB40-E30E37123F81}.Release|x86.ActiveCfg = Release|Win32
		{034F4CB1-25DA-44BA-AB40-E30E37123F81}.Release|x86.Build.0 = Release|Win32
		{1C0CE5C7-EEE3-4FF3-8A51-A4BFE9028058}.Debug|x64.ActiveCfg = Debug|x64
		{1C0CE5C7-EEE3-4FF3-8A51-A4BFE9028058}.Debug|x64.Build.0 = Debug|x64
		{1C0CE5C7-EEE3-4FF3-8A51-A4BFE9028058}.Debug|x86.ActiveCfg = Debug|Win32
		{1C0CE5C7-EEE3-4FF3-8A51-A4BFE9028058}.Debug|x86.Build.0 = Debug|Win32
		{1C0CE5C7-EEE3-4FF3-8A51-A4BFE9028058}.Release|x64.ActiveCfg = Release|x64
		{1C0CE5C7-EEE3-4FF3-8A51-A4BFE9028058}.Release|x64.Build.0 = Release|x64
		{1C0CE5C7-EEE3-4FF3-8A51-A4BFE9028058}.Release|x86.ActiveCfg = Release|Win32
		{1C0CE5C7-EEE3-4FF3-8A51-A4BFE9028058}.Release|x86.Build.0 = Release|Win32
		{0A7F9A50-C40C-4B16-9BBF-2E83D6F4266F}.Debug|x64.ActiveCfg = Debug|x64
		{0A7F9A50-C40C-4B16-9BBF-2E83D6F4266F}.Debug|x64.Build.0 = Debug|x64
		{0A7F9A50-C40C-4B16-9BBF-2E83D6F4266F}.Debug|x86.ActiveCfg = Debug|Win32
		{0A7F9A50-C40C-4B16-9BBF-2E83D6F4266F}.Debug|x86.Build.0 = Debug|Win32
		{0A7F9A50-C40C-4B16-9BBF-2E83D6F4266F}.Release|x64.ActiveCfg = Release|x64
		{0A7F9A50-C40C-4B16-9BBF-2E83D6F4266F}.Release|x64.Build.0 = Release|x64
		{0A7F9A50-C40C-4B16-9BBF-2E83D6F4266F}.Release|x86.ActiveCfg = Release|Win32
		{0A7F9A50-C40C-4B16-9BBF-2E83D6F4266F}.Release|x86.Build.0 = Release|Win32
	EndGlobalSection
	GlobalSection(SolutionProperties) = preSolution
		HideSolutionNode = FALSE
	EndGlobalSection
	GlobalSection(ExtensibilityGlobals) = postSolution
		SolutionGuid = {9FB926B8-02D3-419B-A7D5-1CFA4CB33A12}
	EndGlobalSection
EndGlobal
