
Microsoft Visual Studio Solution File, Format Version 12.00
# Visual Studio Version 17
VisualStudioVersion = 17.8.34511.84
MinimumVisualStudioVersion = 10.0.40219.1
Project("{8BC9CEB8-8B4A-11D0-8D11-00A0C91BC942}") = "simple_openmp", "simple_openmp\simple_openmp.vcxproj", "{7F594512-0AAA-4239-9A56-FDF167BAE81A}"
EndProject
Project("{8BC9CEB8-8B4A-11D0-8D11-00A0C91BC942}") = "simple_openmp_nvidia", "simple_openmp_nvidia\simple_openmp_nvidia.vcxproj", "{7D458DFB-2BE8-4C4D-B7A6-DBBDE925E2A3}"
EndProject
Project("{8BC9CEB8-8B4A-11D0-8D11-00A0C91BC942}") = "helloworld_openmp", "helloworld_openmp\helloworld_openmp.vcxproj", "{95982E72-0BBD-41A5-B537-2A98AA895281}"
EndProject
Project("{8BC9CEB8-8B4A-11D0-8D11-00A0C91BC942}") = "mpi-sample", "mpi-sample\mpi-sample.vcxproj", "{53930420-29C7-44D6-B5B2-36976E411A96}"
EndProject
Project("{8BC9CEB8-8B4A-11D0-8D11-00A0C91BC942}") = "cuda-tensor-example", "cuda-tensor-example\cuda-tensor-example.vcxproj", "{6DB5697F-1EF1-47AF-B5A1-7C266E21A647}"
EndProject
Project("{8BC9CEB8-8B4A-11D0-8D11-00A0C91BC942}") = "floyd_algorithm", "floyd_algorithm\floyd_algorithm.vcxproj", "{29CC0469-24AE-4D6A-9222-9AC787C8996D}"
EndProject
Project("{8BC9CEB8-8B4A-11D0-8D11-00A0C91BC942}") = "matrix_vector_multiplication", "matrix_vector_mulplication\matrix_vector_mulplication.vcxproj", "{B094593E-4405-484F-961C-C26C4074122B}"
EndProject
Project("{8BC9CEB8-8B4A-11D0-8D11-00A0C91BC942}") = "the_sieve_of_eratosthenes", "the_sieve_of_eratosthenes\the_sieve_of_eratosthenes.vcxproj", "{51411392-38E3-4171-A150-BCA3228D62B4}"
EndProject
Project("{8BC9CEB8-8B4A-11D0-8D11-00A0C91BC942}") = "circuit_satisfiable", "circuit_satisfiable\circuit_satisfiable.vcxproj", "{67725064-34BB-420A-A9AF-334E057461A7}"
EndProject
Project("{8BC9CEB8-8B4A-11D0-8D11-00A0C91BC942}") = "circuit_satisfiable_2", "circuit_satisfiable_2\circuit_satisfiable_2.vcxproj", "{6D60F4F2-32A3-4985-946F-6BC510E49B03}"
EndProject
Project("{8BC9CEB8-8B4A-11D0-8D11-00A0C91BC942}") = "simpsons_rule", "simpsons_rule\simpsons_rule.vcxproj", "{1B3FDB15-D36F-4A54-A3BA-7A7B2565CDFE}"
EndProject
Project("{8BC9CEB8-8B4A-11D0-8D11-00A0C91BC942}") = "rectangle_rule", "rectangle_rule\rectangle_rule.vcxproj", "{9505456D-7D69-4B40-BC06-B2302FCE21C1}"
EndProject
Project("{8BC9CEB8-8B4A-11D0-8D11-00A0C91BC942}") = "three-sum", "three-sum\three-sum.vcxproj", "{349B335C-7E37-417A-8025-A0C98393074C}"
EndProject
Project("{8BC9CEB8-8B4A-11D0-8D11-00A0C91BC942}") = "c_cpp_examples", "c_cpp_examples\c_cpp_examples.vcxproj", "{BCE3C3AC-125D-4C51-8DDC-D61B15BA0CE0}"
EndProject
Project("{8BC9CEB8-8B4A-11D0-8D11-00A0C91BC942}") = "pthreads", "pthreads\pthreads.vcxproj", "{F17ADAF2-394E-4F7F-BB93-7D42EEF136EA}"
EndProject
Global
	GlobalSection(SolutionConfigurationPlatforms) = preSolution
		Debug|x64 = Debug|x64
		Debug|x86 = Debug|x86
		Release|x64 = Release|x64
		Release|x86 = Release|x86
	EndGlobalSection
	GlobalSection(ProjectConfigurationPlatforms) = postSolution
		{7F594512-0AAA-4239-9A56-FDF167BAE81A}.Debug|x64.ActiveCfg = Debug|x64
		{7F594512-0AAA-4239-9A56-FDF167BAE81A}.Debug|x64.Build.0 = Debug|x64
		{7F594512-0AAA-4239-9A56-FDF167BAE81A}.Debug|x86.ActiveCfg = Debug|Win32
		{7F594512-0AAA-4239-9A56-FDF167BAE81A}.Debug|x86.Build.0 = Debug|Win32
		{7F594512-0AAA-4239-9A56-FDF167BAE81A}.Release|x64.ActiveCfg = Release|x64
		{7F594512-0AAA-4239-9A56-FDF167BAE81A}.Release|x64.Build.0 = Release|x64
		{7F594512-0AAA-4239-9A56-FDF167BAE81A}.Release|x86.ActiveCfg = Release|Win32
		{7F594512-0AAA-4239-9A56-FDF167BAE81A}.Release|x86.Build.0 = Release|Win32
		{7D458DFB-2BE8-4C4D-B7A6-DBBDE925E2A3}.Debug|x64.ActiveCfg = Debug|x64
		{7D458DFB-2BE8-4C4D-B7A6-DBBDE925E2A3}.Debug|x64.Build.0 = Debug|x64
		{7D458DFB-2BE8-4C4D-B7A6-DBBDE925E2A3}.Debug|x86.ActiveCfg = Debug|x64
		{7D458DFB-2BE8-4C4D-B7A6-DBBDE925E2A3}.Debug|x86.Build.0 = Debug|x64
		{7D458DFB-2BE8-4C4D-B7A6-DBBDE925E2A3}.Release|x64.ActiveCfg = Release|x64
		{7D458DFB-2BE8-4C4D-B7A6-DBBDE925E2A3}.Release|x64.Build.0 = Release|x64
		{7D458DFB-2BE8-4C4D-B7A6-DBBDE925E2A3}.Release|x86.ActiveCfg = Release|x64
		{7D458DFB-2BE8-4C4D-B7A6-DBBDE925E2A3}.Release|x86.Build.0 = Release|x64
		{95982E72-0BBD-41A5-B537-2A98AA895281}.Debug|x64.ActiveCfg = Debug|x64
		{95982E72-0BBD-41A5-B537-2A98AA895281}.Debug|x64.Build.0 = Debug|x64
		{95982E72-0BBD-41A5-B537-2A98AA895281}.Debug|x86.ActiveCfg = Debug|Win32
		{95982E72-0BBD-41A5-B537-2A98AA895281}.Debug|x86.Build.0 = Debug|Win32
		{95982E72-0BBD-41A5-B537-2A98AA895281}.Release|x64.ActiveCfg = Release|x64
		{95982E72-0BBD-41A5-B537-2A98AA895281}.Release|x64.Build.0 = Release|x64
		{95982E72-0BBD-41A5-B537-2A98AA895281}.Release|x86.ActiveCfg = Release|Win32
		{95982E72-0BBD-41A5-B537-2A98AA895281}.Release|x86.Build.0 = Release|Win32
		{53930420-29C7-44D6-B5B2-36976E411A96}.Debug|x64.ActiveCfg = Debug|x64
		{53930420-29C7-44D6-B5B2-36976E411A96}.Debug|x64.Build.0 = Debug|x64
		{53930420-29C7-44D6-B5B2-36976E411A96}.Debug|x86.ActiveCfg = Debug|Win32
		{53930420-29C7-44D6-B5B2-36976E411A96}.Debug|x86.Build.0 = Debug|Win32
		{53930420-29C7-44D6-B5B2-36976E411A96}.Release|x64.ActiveCfg = Release|x64
		{53930420-29C7-44D6-B5B2-36976E411A96}.Release|x64.Build.0 = Release|x64
		{53930420-29C7-44D6-B5B2-36976E411A96}.Release|x86.ActiveCfg = Release|Win32
		{53930420-29C7-44D6-B5B2-36976E411A96}.Release|x86.Build.0 = Release|Win32
		{6DB5697F-1EF1-47AF-B5A1-7C266E21A647}.Debug|x64.ActiveCfg = Debug|x64
		{6DB5697F-1EF1-47AF-B5A1-7C266E21A647}.Debug|x64.Build.0 = Debug|x64
		{6DB5697F-1EF1-47AF-B5A1-7C266E21A647}.Debug|x86.ActiveCfg = Debug|x64
		{6DB5697F-1EF1-47AF-B5A1-7C266E21A647}.Debug|x86.Build.0 = Debug|x64
		{6DB5697F-1EF1-47AF-B5A1-7C266E21A647}.Release|x64.ActiveCfg = Release|x64
		{6DB5697F-1EF1-47AF-B5A1-7C266E21A647}.Release|x64.Build.0 = Release|x64
		{6DB5697F-1EF1-47AF-B5A1-7C266E21A647}.Release|x86.ActiveCfg = Release|x64
		{6DB5697F-1EF1-47AF-B5A1-7C266E21A647}.Release|x86.Build.0 = Release|x64
		{29CC0469-24AE-4D6A-9222-9AC787C8996D}.Debug|x64.ActiveCfg = Debug|x64
		{29CC0469-24AE-4D6A-9222-9AC787C8996D}.Debug|x64.Build.0 = Debug|x64
		{29CC0469-24AE-4D6A-9222-9AC787C8996D}.Debug|x86.ActiveCfg = Debug|Win32
		{29CC0469-24AE-4D6A-9222-9AC787C8996D}.Debug|x86.Build.0 = Debug|Win32
		{29CC0469-24AE-4D6A-9222-9AC787C8996D}.Release|x64.ActiveCfg = Release|x64
		{29CC0469-24AE-4D6A-9222-9AC787C8996D}.Release|x64.Build.0 = Release|x64
		{29CC0469-24AE-4D6A-9222-9AC787C8996D}.Release|x86.ActiveCfg = Release|Win32
		{29CC0469-24AE-4D6A-9222-9AC787C8996D}.Release|x86.Build.0 = Release|Win32
		{B094593E-4405-484F-961C-C26C4074122B}.Debug|x64.ActiveCfg = Debug|x64
		{B094593E-4405-484F-961C-C26C4074122B}.Debug|x64.Build.0 = Debug|x64
		{B094593E-4405-484F-961C-C26C4074122B}.Debug|x86.ActiveCfg = Debug|Win32
		{B094593E-4405-484F-961C-C26C4074122B}.Debug|x86.Build.0 = Debug|Win32
		{B094593E-4405-484F-961C-C26C4074122B}.Release|x64.ActiveCfg = Release|x64
		{B094593E-4405-484F-961C-C26C4074122B}.Release|x64.Build.0 = Release|x64
		{B094593E-4405-484F-961C-C26C4074122B}.Release|x86.ActiveCfg = Release|Win32
		{B094593E-4405-484F-961C-C26C4074122B}.Release|x86.Build.0 = Release|Win32
		{51411392-38E3-4171-A150-BCA3228D62B4}.Debug|x64.ActiveCfg = Debug|x64
		{51411392-38E3-4171-A150-BCA3228D62B4}.Debug|x64.Build.0 = Debug|x64
		{51411392-38E3-4171-A150-BCA3228D62B4}.Debug|x86.ActiveCfg = Debug|Win32
		{51411392-38E3-4171-A150-BCA3228D62B4}.Debug|x86.Build.0 = Debug|Win32
		{51411392-38E3-4171-A150-BCA3228D62B4}.Release|x64.ActiveCfg = Release|x64
		{51411392-38E3-4171-A150-BCA3228D62B4}.Release|x64.Build.0 = Release|x64
		{51411392-38E3-4171-A150-BCA3228D62B4}.Release|x86.ActiveCfg = Release|Win32
		{51411392-38E3-4171-A150-BCA3228D62B4}.Release|x86.Build.0 = Release|Win32
		{67725064-34BB-420A-A9AF-334E057461A7}.Debug|x64.ActiveCfg = Debug|x64
		{67725064-34BB-420A-A9AF-334E057461A7}.Debug|x64.Build.0 = Debug|x64
		{67725064-34BB-420A-A9AF-334E057461A7}.Debug|x86.ActiveCfg = Debug|Win32
		{67725064-34BB-420A-A9AF-334E057461A7}.Debug|x86.Build.0 = Debug|Win32
		{67725064-34BB-420A-A9AF-334E057461A7}.Release|x64.ActiveCfg = Release|x64
		{67725064-34BB-420A-A9AF-334E057461A7}.Release|x64.Build.0 = Release|x64
		{67725064-34BB-420A-A9AF-334E057461A7}.Release|x86.ActiveCfg = Release|Win32
		{67725064-34BB-420A-A9AF-334E057461A7}.Release|x86.Build.0 = Release|Win32
		{6D60F4F2-32A3-4985-946F-6BC510E49B03}.Debug|x64.ActiveCfg = Debug|x64
		{6D60F4F2-32A3-4985-946F-6BC510E49B03}.Debug|x64.Build.0 = Debug|x64
		{6D60F4F2-32A3-4985-946F-6BC510E49B03}.Debug|x86.ActiveCfg = Debug|x64
		{6D60F4F2-32A3-4985-946F-6BC510E49B03}.Debug|x86.Build.0 = Debug|x64
		{6D60F4F2-32A3-4985-946F-6BC510E49B03}.Release|x64.ActiveCfg = Release|x64
		{6D60F4F2-32A3-4985-946F-6BC510E49B03}.Release|x64.Build.0 = Release|x64
		{6D60F4F2-32A3-4985-946F-6BC510E49B03}.Release|x86.ActiveCfg = Release|x64
		{6D60F4F2-32A3-4985-946F-6BC510E49B03}.Release|x86.Build.0 = Release|x64
		{1B3FDB15-D36F-4A54-A3BA-7A7B2565CDFE}.Debug|x64.ActiveCfg = Debug|x64
		{1B3FDB15-D36F-4A54-A3BA-7A7B2565CDFE}.Debug|x64.Build.0 = Debug|x64
		{1B3FDB15-D36F-4A54-A3BA-7A7B2565CDFE}.Debug|x86.ActiveCfg = Debug|Win32
		{1B3FDB15-D36F-4A54-A3BA-7A7B2565CDFE}.Debug|x86.Build.0 = Debug|Win32
		{1B3FDB15-D36F-4A54-A3BA-7A7B2565CDFE}.Release|x64.ActiveCfg = Release|x64
		{1B3FDB15-D36F-4A54-A3BA-7A7B2565CDFE}.Release|x64.Build.0 = Release|x64
		{1B3FDB15-D36F-4A54-A3BA-7A7B2565CDFE}.Release|x86.ActiveCfg = Release|Win32
		{1B3FDB15-D36F-4A54-A3BA-7A7B2565CDFE}.Release|x86.Build.0 = Release|Win32
		{9505456D-7D69-4B40-BC06-B2302FCE21C1}.Debug|x64.ActiveCfg = Debug|x64
		{9505456D-7D69-4B40-BC06-B2302FCE21C1}.Debug|x64.Build.0 = Debug|x64
		{9505456D-7D69-4B40-BC06-B2302FCE21C1}.Debug|x86.ActiveCfg = Debug|Win32
		{9505456D-7D69-4B40-BC06-B2302FCE21C1}.Debug|x86.Build.0 = Debug|Win32
		{9505456D-7D69-4B40-BC06-B2302FCE21C1}.Release|x64.ActiveCfg = Release|x64
		{9505456D-7D69-4B40-BC06-B2302FCE21C1}.Release|x64.Build.0 = Release|x64
		{9505456D-7D69-4B40-BC06-B2302FCE21C1}.Release|x86.ActiveCfg = Release|Win32
		{9505456D-7D69-4B40-BC06-B2302FCE21C1}.Release|x86.Build.0 = Release|Win32
		{349B335C-7E37-417A-8025-A0C98393074C}.Debug|x64.ActiveCfg = Debug|x64
		{349B335C-7E37-417A-8025-A0C98393074C}.Debug|x64.Build.0 = Debug|x64
		{349B335C-7E37-417A-8025-A0C98393074C}.Debug|x86.ActiveCfg = Debug|Win32
		{349B335C-7E37-417A-8025-A0C98393074C}.Debug|x86.Build.0 = Debug|Win32
		{349B335C-7E37-417A-8025-A0C98393074C}.Release|x64.ActiveCfg = Release|x64
		{349B335C-7E37-417A-8025-A0C98393074C}.Release|x64.Build.0 = Release|x64
		{349B335C-7E37-417A-8025-A0C98393074C}.Release|x86.ActiveCfg = Release|Win32
		{349B335C-7E37-417A-8025-A0C98393074C}.Release|x86.Build.0 = Release|Win32
		{BCE3C3AC-125D-4C51-8DDC-D61B15BA0CE0}.Debug|x64.ActiveCfg = Debug|x64
		{BCE3C3AC-125D-4C51-8DDC-D61B15BA0CE0}.Debug|x64.Build.0 = Debug|x64
		{BCE3C3AC-125D-4C51-8DDC-D61B15BA0CE0}.Debug|x86.ActiveCfg = Debug|Win32
		{BCE3C3AC-125D-4C51-8DDC-D61B15BA0CE0}.Debug|x86.Build.0 = Debug|Win32
		{BCE3C3AC-125D-4C51-8DDC-D61B15BA0CE0}.Release|x64.ActiveCfg = Release|x64
		{BCE3C3AC-125D-4C51-8DDC-D61B15BA0CE0}.Release|x64.Build.0 = Release|x64
		{BCE3C3AC-125D-4C51-8DDC-D61B15BA0CE0}.Release|x86.ActiveCfg = Release|Win32
		{BCE3C3AC-125D-4C51-8DDC-D61B15BA0CE0}.Release|x86.Build.0 = Release|Win32
		{F17ADAF2-394E-4F7F-BB93-7D42EEF136EA}.Debug|x64.ActiveCfg = Debug|x64
		{F17ADAF2-394E-4F7F-BB93-7D42EEF136EA}.Debug|x64.Build.0 = Debug|x64
		{F17ADAF2-394E-4F7F-BB93-7D42EEF136EA}.Debug|x86.ActiveCfg = Debug|Win32
		{F17ADAF2-394E-4F7F-BB93-7D42EEF136EA}.Debug|x86.Build.0 = Debug|Win32
		{F17ADAF2-394E-4F7F-BB93-7D42EEF136EA}.Release|x64.ActiveCfg = Release|x64
		{F17ADAF2-394E-4F7F-BB93-7D42EEF136EA}.Release|x64.Build.0 = Release|x64
		{F17ADAF2-394E-4F7F-BB93-7D42EEF136EA}.Release|x86.ActiveCfg = Release|Win32
		{F17ADAF2-394E-4F7F-BB93-7D42EEF136EA}.Release|x86.Build.0 = Release|Win32
	EndGlobalSection
	GlobalSection(SolutionProperties) = preSolution
		HideSolutionNode = FALSE
	EndGlobalSection
	GlobalSection(ExtensibilityGlobals) = postSolution
		SolutionGuid = {9FB926B8-02D3-419B-A7D5-1CFA4CB33A12}
	EndGlobalSection
EndGlobal
